// !$*UTF8*$!
{
	archiveVersion = 1;
	classes = {
	};
	objectVersion = 50;
	objects = {

/* Begin PBXBuildFile section */
		9373846122CF9C4800E5D172 /* SwiftMPV.framework in Frameworks */ = {isa = PBXBuildFile; fileRef = 9373845722CF9C4700E5D172 /* SwiftMPV.framework */; };
		9373846622CF9C4800E5D172 /* SwiftMPVTests.swift in Sources */ = {isa = PBXBuildFile; fileRef = 9373846522CF9C4800E5D172 /* SwiftMPVTests.swift */; };
		9373846822CF9C4800E5D172 /* SwiftMPV.h in Headers */ = {isa = PBXBuildFile; fileRef = 9373845A22CF9C4700E5D172 /* SwiftMPV.h */; settings = {ATTRIBUTES = (Public, ); }; };
		9373847D22CF9C5C00E5D172 /* .gitignore in Resources */ = {isa = PBXBuildFile; fileRef = 9373847222CF9C5C00E5D172 /* .gitignore */; };
		9373847E22CF9C5C00E5D172 /* client.h in Headers */ = {isa = PBXBuildFile; fileRef = 9373847422CF9C5C00E5D172 /* client.h */; };
		9373847F22CF9C5C00E5D172 /* stream_cb.h in Headers */ = {isa = PBXBuildFile; fileRef = 9373847522CF9C5C00E5D172 /* stream_cb.h */; };
		9373848022CF9C5C00E5D172 /* render_gl.h in Headers */ = {isa = PBXBuildFile; fileRef = 9373847622CF9C5C00E5D172 /* render_gl.h */; };
		9373848122CF9C5C00E5D172 /* mpv.def in Resources */ = {isa = PBXBuildFile; fileRef = 9373847822CF9C5C00E5D172 /* mpv.def */; };
		9373848222CF9C5C00E5D172 /* qthelper.hpp in Headers */ = {isa = PBXBuildFile; fileRef = 9373847922CF9C5C00E5D172 /* qthelper.hpp */; };
		9373848322CF9C5C00E5D172 /* mpv.pc.in in Resources */ = {isa = PBXBuildFile; fileRef = 9373847A22CF9C5C00E5D172 /* mpv.pc.in */; };
		9373848422CF9C5C00E5D172 /* opengl_cb.h in Headers */ = {isa = PBXBuildFile; fileRef = 9373847B22CF9C5C00E5D172 /* opengl_cb.h */; };
		9373848522CF9C5C00E5D172 /* render.h in Headers */ = {isa = PBXBuildFile; fileRef = 9373847C22CF9C5C00E5D172 /* render.h */; };
		9373848722CF9D5800E5D172 /* SwiftMPV.swift in Sources */ = {isa = PBXBuildFile; fileRef = 9373848622CF9D5800E5D172 /* SwiftMPV.swift */; };
		9373848922CF9EF900E5D172 /* SwiftMPVError.swift in Sources */ = {isa = PBXBuildFile; fileRef = 9373848822CF9EF900E5D172 /* SwiftMPVError.swift */; };
		9373848B22CFAA5600E5D172 /* SwiftMPVClient.swift in Sources */ = {isa = PBXBuildFile; fileRef = 9373848A22CFAA5600E5D172 /* SwiftMPVClient.swift */; };
/* End PBXBuildFile section */

/* Begin PBXContainerItemProxy section */
		9373846222CF9C4800E5D172 /* PBXContainerItemProxy */ = {
			isa = PBXContainerItemProxy;
			containerPortal = 9373844E22CF9C4700E5D172 /* Project object */;
			proxyType = 1;
			remoteGlobalIDString = 9373845622CF9C4700E5D172;
			remoteInfo = SwiftMPV;
		};
/* End PBXContainerItemProxy section */

/* Begin PBXFileReference section */
		9373845722CF9C4700E5D172 /* SwiftMPV.framework */ = {isa = PBXFileReference; explicitFileType = wrapper.framework; includeInIndex = 0; path = SwiftMPV.framework; sourceTree = BUILT_PRODUCTS_DIR; };
		9373845A22CF9C4700E5D172 /* SwiftMPV.h */ = {isa = PBXFileReference; lastKnownFileType = sourcecode.c.h; path = SwiftMPV.h; sourceTree = "<group>"; };
		9373845B22CF9C4700E5D172 /* Info.plist */ = {isa = PBXFileReference; lastKnownFileType = text.plist.xml; path = Info.plist; sourceTree = "<group>"; };
		9373846022CF9C4800E5D172 /* SwiftMPVTests.xctest */ = {isa = PBXFileReference; explicitFileType = wrapper.cfbundle; includeInIndex = 0; path = SwiftMPVTests.xctest; sourceTree = BUILT_PRODUCTS_DIR; };
		9373846522CF9C4800E5D172 /* SwiftMPVTests.swift */ = {isa = PBXFileReference; lastKnownFileType = sourcecode.swift; path = SwiftMPVTests.swift; sourceTree = "<group>"; };
		9373846722CF9C4800E5D172 /* Info.plist */ = {isa = PBXFileReference; lastKnownFileType = text.plist.xml; path = Info.plist; sourceTree = "<group>"; };
		9373847222CF9C5C00E5D172 /* .gitignore */ = {isa = PBXFileReference; fileEncoding = 4; lastKnownFileType = text; path = .gitignore; sourceTree = "<group>"; };
		9373847422CF9C5C00E5D172 /* client.h */ = {isa = PBXFileReference; fileEncoding = 4; lastKnownFileType = sourcecode.c.h; path = client.h; sourceTree = "<group>"; };
		9373847522CF9C5C00E5D172 /* stream_cb.h */ = {isa = PBXFileReference; fileEncoding = 4; lastKnownFileType = sourcecode.c.h; path = stream_cb.h; sourceTree = "<group>"; };
		9373847622CF9C5C00E5D172 /* render_gl.h */ = {isa = PBXFileReference; fileEncoding = 4; lastKnownFileType = sourcecode.c.h; path = render_gl.h; sourceTree = "<group>"; };
		9373847722CF9C5C00E5D172 /* module.map */ = {isa = PBXFileReference; fileEncoding = 4; lastKnownFileType = "sourcecode.module-map"; path = module.map; sourceTree = "<group>"; };
		9373847822CF9C5C00E5D172 /* mpv.def */ = {isa = PBXFileReference; fileEncoding = 4; lastKnownFileType = text; path = mpv.def; sourceTree = "<group>"; };
		9373847922CF9C5C00E5D172 /* qthelper.hpp */ = {isa = PBXFileReference; fileEncoding = 4; lastKnownFileType = sourcecode.cpp.h; path = qthelper.hpp; sourceTree = "<group>"; };
		9373847A22CF9C5C00E5D172 /* mpv.pc.in */ = {isa = PBXFileReference; fileEncoding = 4; lastKnownFileType = text; path = mpv.pc.in; sourceTree = "<group>"; };
		9373847B22CF9C5C00E5D172 /* opengl_cb.h */ = {isa = PBXFileReference; fileEncoding = 4; lastKnownFileType = sourcecode.c.h; path = opengl_cb.h; sourceTree = "<group>"; };
		9373847C22CF9C5C00E5D172 /* render.h */ = {isa = PBXFileReference; fileEncoding = 4; lastKnownFileType = sourcecode.c.h; path = render.h; sourceTree = "<group>"; };
		9373848622CF9D5800E5D172 /* SwiftMPV.swift */ = {isa = PBXFileReference; lastKnownFileType = sourcecode.swift; path = SwiftMPV.swift; sourceTree = "<group>"; };
		9373848822CF9EF900E5D172 /* SwiftMPVError.swift */ = {isa = PBXFileReference; lastKnownFileType = sourcecode.swift; path = SwiftMPVError.swift; sourceTree = "<group>"; };
		9373848A22CFAA5600E5D172 /* SwiftMPVClient.swift */ = {isa = PBXFileReference; lastKnownFileType = sourcecode.swift; path = SwiftMPVClient.swift; sourceTree = "<group>"; };
/* End PBXFileReference section */

/* Begin PBXFrameworksBuildPhase section */
		9373845422CF9C4700E5D172 /* Frameworks */ = {
			isa = PBXFrameworksBuildPhase;
			buildActionMask = 2147483647;
			files = (
			);
			runOnlyForDeploymentPostprocessing = 0;
		};
		9373845D22CF9C4800E5D172 /* Frameworks */ = {
			isa = PBXFrameworksBuildPhase;
			buildActionMask = 2147483647;
			files = (
				9373846122CF9C4800E5D172 /* SwiftMPV.framework in Frameworks */,
			);
			runOnlyForDeploymentPostprocessing = 0;
		};
/* End PBXFrameworksBuildPhase section */

/* Begin PBXGroup section */
		9373844D22CF9C4700E5D172 = {
			isa = PBXGroup;
			children = (
				9373845922CF9C4700E5D172 /* SwiftMPV */,
				9373846422CF9C4800E5D172 /* SwiftMPVTests */,
				9373845822CF9C4700E5D172 /* Products */,
			);
			sourceTree = "<group>";
		};
		9373845822CF9C4700E5D172 /* Products */ = {
			isa = PBXGroup;
			children = (
				9373845722CF9C4700E5D172 /* SwiftMPV.framework */,
				9373846022CF9C4800E5D172 /* SwiftMPVTests.xctest */,
			);
			name = Products;
			sourceTree = "<group>";
		};
		9373845922CF9C4700E5D172 /* SwiftMPV */ = {
			isa = PBXGroup;
			children = (
				9373847122CF9C5C00E5D172 /* Dependencies */,
				9373845A22CF9C4700E5D172 /* SwiftMPV.h */,
				9373845B22CF9C4700E5D172 /* Info.plist */,
				9373848622CF9D5800E5D172 /* SwiftMPV.swift */,
				9373848822CF9EF900E5D172 /* SwiftMPVError.swift */,
				9373848A22CFAA5600E5D172 /* SwiftMPVClient.swift */,
			);
			path = SwiftMPV;
			sourceTree = "<group>";
		};
		9373846422CF9C4800E5D172 /* SwiftMPVTests */ = {
			isa = PBXGroup;
			children = (
				9373846522CF9C4800E5D172 /* SwiftMPVTests.swift */,
				9373846722CF9C4800E5D172 /* Info.plist */,
			);
			path = SwiftMPVTests;
			sourceTree = "<group>";
		};
		9373847122CF9C5C00E5D172 /* Dependencies */ = {
			isa = PBXGroup;
			children = (
				9373847222CF9C5C00E5D172 /* .gitignore */,
				9373847322CF9C5C00E5D172 /* libmpv */,
			);
			path = Dependencies;
			sourceTree = "<group>";
		};
		9373847322CF9C5C00E5D172 /* libmpv */ = {
			isa = PBXGroup;
			children = (
				9373847422CF9C5C00E5D172 /* client.h */,
				9373847522CF9C5C00E5D172 /* stream_cb.h */,
				9373847622CF9C5C00E5D172 /* render_gl.h */,
				9373847722CF9C5C00E5D172 /* module.map */,
				9373847822CF9C5C00E5D172 /* mpv.def */,
				9373847922CF9C5C00E5D172 /* qthelper.hpp */,
				9373847A22CF9C5C00E5D172 /* mpv.pc.in */,
				9373847B22CF9C5C00E5D172 /* opengl_cb.h */,
				9373847C22CF9C5C00E5D172 /* render.h */,
			);
			path = libmpv;
			sourceTree = "<group>";
		};
/* End PBXGroup section */

/* Begin PBXHeadersBuildPhase section */
		9373845222CF9C4700E5D172 /* Headers */ = {
			isa = PBXHeadersBuildPhase;
			buildActionMask = 2147483647;
			files = (
				9373847F22CF9C5C00E5D172 /* stream_cb.h in Headers */,
				9373846822CF9C4800E5D172 /* SwiftMPV.h in Headers */,
				9373848222CF9C5C00E5D172 /* qthelper.hpp in Headers */,
				9373847E22CF9C5C00E5D172 /* client.h in Headers */,
				9373848522CF9C5C00E5D172 /* render.h in Headers */,
				9373848422CF9C5C00E5D172 /* opengl_cb.h in Headers */,
				9373848022CF9C5C00E5D172 /* render_gl.h in Headers */,
			);
			runOnlyForDeploymentPostprocessing = 0;
		};
/* End PBXHeadersBuildPhase section */

/* Begin PBXNativeTarget section */
		9373845622CF9C4700E5D172 /* SwiftMPV */ = {
			isa = PBXNativeTarget;
			buildConfigurationList = 9373846B22CF9C4800E5D172 /* Build configuration list for PBXNativeTarget "SwiftMPV" */;
			buildPhases = (
				9373845222CF9C4700E5D172 /* Headers */,
				9373845322CF9C4700E5D172 /* Sources */,
				9373845422CF9C4700E5D172 /* Frameworks */,
				9373845522CF9C4700E5D172 /* Resources */,
			);
			buildRules = (
			);
			dependencies = (
			);
			name = SwiftMPV;
			productName = SwiftMPV;
			productReference = 9373845722CF9C4700E5D172 /* SwiftMPV.framework */;
			productType = "com.apple.product-type.framework";
		};
		9373845F22CF9C4800E5D172 /* SwiftMPVTests */ = {
			isa = PBXNativeTarget;
			buildConfigurationList = 9373846E22CF9C4800E5D172 /* Build configuration list for PBXNativeTarget "SwiftMPVTests" */;
			buildPhases = (
				9373845C22CF9C4800E5D172 /* Sources */,
				9373845D22CF9C4800E5D172 /* Frameworks */,
				9373845E22CF9C4800E5D172 /* Resources */,
			);
			buildRules = (
			);
			dependencies = (
				9373846322CF9C4800E5D172 /* PBXTargetDependency */,
			);
			name = SwiftMPVTests;
			productName = SwiftMPVTests;
			productReference = 9373846022CF9C4800E5D172 /* SwiftMPVTests.xctest */;
			productType = "com.apple.product-type.bundle.unit-test";
		};
/* End PBXNativeTarget section */

/* Begin PBXProject section */
		9373844E22CF9C4700E5D172 /* Project object */ = {
			isa = PBXProject;
			attributes = {
				LastSwiftUpdateCheck = 1100;
				LastUpgradeCheck = 1100;
				ORGANIZATIONNAME = "Jorge Paravicini";
				TargetAttributes = {
					9373845622CF9C4700E5D172 = {
						CreatedOnToolsVersion = 11.0;
						LastSwiftMigration = 1100;
					};
					9373845F22CF9C4800E5D172 = {
						CreatedOnToolsVersion = 11.0;
					};
				};
			};
			buildConfigurationList = 9373845122CF9C4700E5D172 /* Build configuration list for PBXProject "SwiftMPV" */;
			compatibilityVersion = "Xcode 9.3";
			developmentRegion = en;
			hasScannedForEncodings = 0;
			knownRegions = (
				en,
				Base,
			);
			mainGroup = 9373844D22CF9C4700E5D172;
			productRefGroup = 9373845822CF9C4700E5D172 /* Products */;
			projectDirPath = "";
			projectRoot = "";
			targets = (
				9373845622CF9C4700E5D172 /* SwiftMPV */,
				9373845F22CF9C4800E5D172 /* SwiftMPVTests */,
			);
		};
/* End PBXProject section */

/* Begin PBXResourcesBuildPhase section */
		9373845522CF9C4700E5D172 /* Resources */ = {
			isa = PBXResourcesBuildPhase;
			buildActionMask = 2147483647;
			files = (
				9373847D22CF9C5C00E5D172 /* .gitignore in Resources */,
				9373848122CF9C5C00E5D172 /* mpv.def in Resources */,
				9373848322CF9C5C00E5D172 /* mpv.pc.in in Resources */,
			);
			runOnlyForDeploymentPostprocessing = 0;
		};
		9373845E22CF9C4800E5D172 /* Resources */ = {
			isa = PBXResourcesBuildPhase;
			buildActionMask = 2147483647;
			files = (
			);
			runOnlyForDeploymentPostprocessing = 0;
		};
/* End PBXResourcesBuildPhase section */

/* Begin PBXSourcesBuildPhase section */
		9373845322CF9C4700E5D172 /* Sources */ = {
			isa = PBXSourcesBuildPhase;
			buildActionMask = 2147483647;
			files = (
				9373848922CF9EF900E5D172 /* SwiftMPVError.swift in Sources */,
				9373848722CF9D5800E5D172 /* SwiftMPV.swift in Sources */,
				9373848B22CFAA5600E5D172 /* SwiftMPVClient.swift in Sources */,
			);
			runOnlyForDeploymentPostprocessing = 0;
		};
		9373845C22CF9C4800E5D172 /* Sources */ = {
			isa = PBXSourcesBuildPhase;
			buildActionMask = 2147483647;
			files = (
				9373846622CF9C4800E5D172 /* SwiftMPVTests.swift in Sources */,
			);
			runOnlyForDeploymentPostprocessing = 0;
		};
/* End PBXSourcesBuildPhase section */

/* Begin PBXTargetDependency section */
		9373846322CF9C4800E5D172 /* PBXTargetDependency */ = {
			isa = PBXTargetDependency;
			target = 9373845622CF9C4700E5D172 /* SwiftMPV */;
			targetProxy = 9373846222CF9C4800E5D172 /* PBXContainerItemProxy */;
		};
/* End PBXTargetDependency section */

/* Begin XCBuildConfiguration section */
		9373846922CF9C4800E5D172 /* Debug */ = {
			isa = XCBuildConfiguration;
			buildSettings = {
				ALWAYS_SEARCH_USER_PATHS = NO;
				CLANG_ANALYZER_NONNULL = YES;
				CLANG_ANALYZER_NUMBER_OBJECT_CONVERSION = YES_AGGRESSIVE;
				CLANG_CXX_LANGUAGE_STANDARD = "gnu++14";
				CLANG_CXX_LIBRARY = "libc++";
				CLANG_ENABLE_MODULES = YES;
				CLANG_ENABLE_OBJC_ARC = YES;
				CLANG_ENABLE_OBJC_WEAK = YES;
				CLANG_WARN_BLOCK_CAPTURE_AUTORELEASING = YES;
				CLANG_WARN_BOOL_CONVERSION = YES;
				CLANG_WARN_COMMA = YES;
				CLANG_WARN_CONSTANT_CONVERSION = YES;
				CLANG_WARN_DEPRECATED_OBJC_IMPLEMENTATIONS = YES;
				CLANG_WARN_DIRECT_OBJC_ISA_USAGE = YES_ERROR;
				CLANG_WARN_DOCUMENTATION_COMMENTS = YES;
				CLANG_WARN_EMPTY_BODY = YES;
				CLANG_WARN_ENUM_CONVERSION = YES;
				CLANG_WARN_INFINITE_RECURSION = YES;
				CLANG_WARN_INT_CONVERSION = YES;
				CLANG_WARN_NON_LITERAL_NULL_CONVERSION = YES;
				CLANG_WARN_OBJC_IMPLICIT_RETAIN_SELF = YES;
				CLANG_WARN_OBJC_LITERAL_CONVERSION = YES;
				CLANG_WARN_OBJC_ROOT_CLASS = YES_ERROR;
				CLANG_WARN_RANGE_LOOP_ANALYSIS = YES;
				CLANG_WARN_STRICT_PROTOTYPES = YES;
				CLANG_WARN_SUSPICIOUS_MOVE = YES;
				CLANG_WARN_UNGUARDED_AVAILABILITY = YES_AGGRESSIVE;
				CLANG_WARN_UNREACHABLE_CODE = YES;
				CLANG_WARN__DUPLICATE_METHOD_MATCH = YES;
				COPY_PHASE_STRIP = NO;
				CURRENT_PROJECT_VERSION = 1;
				DEBUG_INFORMATION_FORMAT = dwarf;
				ENABLE_STRICT_OBJC_MSGSEND = YES;
				ENABLE_TESTABILITY = YES;
				GCC_C_LANGUAGE_STANDARD = gnu11;
				GCC_DYNAMIC_NO_PIC = NO;
				GCC_NO_COMMON_BLOCKS = YES;
				GCC_OPTIMIZATION_LEVEL = 0;
				GCC_PREPROCESSOR_DEFINITIONS = (
					"DEBUG=1",
					"$(inherited)",
				);
				GCC_WARN_64_TO_32_BIT_CONVERSION = YES;
				GCC_WARN_ABOUT_RETURN_TYPE = YES_ERROR;
				GCC_WARN_UNDECLARED_SELECTOR = YES;
				GCC_WARN_UNINITIALIZED_AUTOS = YES_AGGRESSIVE;
				GCC_WARN_UNUSED_FUNCTION = YES;
				GCC_WARN_UNUSED_VARIABLE = YES;
				MACOSX_DEPLOYMENT_TARGET = 10.15;
				MTL_ENABLE_DEBUG_INFO = INCLUDE_SOURCE;
				MTL_FAST_MATH = YES;
				ONLY_ACTIVE_ARCH = YES;
				SDKROOT = macosx;
				SWIFT_ACTIVE_COMPILATION_CONDITIONS = DEBUG;
				SWIFT_OPTIMIZATION_LEVEL = "-Onone";
				VERSIONING_SYSTEM = "apple-generic";
				VERSION_INFO_PREFIX = "";
			};
			name = Debug;
		};
		9373846A22CF9C4800E5D172 /* Release */ = {
			isa = XCBuildConfiguration;
			buildSettings = {
				ALWAYS_SEARCH_USER_PATHS = NO;
				CLANG_ANALYZER_NONNULL = YES;
				CLANG_ANALYZER_NUMBER_OBJECT_CONVERSION = YES_AGGRESSIVE;
				CLANG_CXX_LANGUAGE_STANDARD = "gnu++14";
				CLANG_CXX_LIBRARY = "libc++";
				CLANG_ENABLE_MODULES = YES;
				CLANG_ENABLE_OBJC_ARC = YES;
				CLANG_ENABLE_OBJC_WEAK = YES;
				CLANG_WARN_BLOCK_CAPTURE_AUTORELEASING = YES;
				CLANG_WARN_BOOL_CONVERSION = YES;
				CLANG_WARN_COMMA = YES;
				CLANG_WARN_CONSTANT_CONVERSION = YES;
				CLANG_WARN_DEPRECATED_OBJC_IMPLEMENTATIONS = YES;
				CLANG_WARN_DIRECT_OBJC_ISA_USAGE = YES_ERROR;
				CLANG_WARN_DOCUMENTATION_COMMENTS = YES;
				CLANG_WARN_EMPTY_BODY = YES;
				CLANG_WARN_ENUM_CONVERSION = YES;
				CLANG_WARN_INFINITE_RECURSION = YES;
				CLANG_WARN_INT_CONVERSION = YES;
				CLANG_WARN_NON_LITERAL_NULL_CONVERSION = YES;
				CLANG_WARN_OBJC_IMPLICIT_RETAIN_SELF = YES;
				CLANG_WARN_OBJC_LITERAL_CONVERSION = YES;
				CLANG_WARN_OBJC_ROOT_CLASS = YES_ERROR;
				CLANG_WARN_RANGE_LOOP_ANALYSIS = YES;
				CLANG_WARN_STRICT_PROTOTYPES = YES;
				CLANG_WARN_SUSPICIOUS_MOVE = YES;
				CLANG_WARN_UNGUARDED_AVAILABILITY = YES_AGGRESSIVE;
				CLANG_WARN_UNREACHABLE_CODE = YES;
				CLANG_WARN__DUPLICATE_METHOD_MATCH = YES;
				COPY_PHASE_STRIP = NO;
				CURRENT_PROJECT_VERSION = 1;
				DEBUG_INFORMATION_FORMAT = "dwarf-with-dsym";
				ENABLE_NS_ASSERTIONS = NO;
				ENABLE_STRICT_OBJC_MSGSEND = YES;
				GCC_C_LANGUAGE_STANDARD = gnu11;
				GCC_NO_COMMON_BLOCKS = YES;
				GCC_WARN_64_TO_32_BIT_CONVERSION = YES;
				GCC_WARN_ABOUT_RETURN_TYPE = YES_ERROR;
				GCC_WARN_UNDECLARED_SELECTOR = YES;
				GCC_WARN_UNINITIALIZED_AUTOS = YES_AGGRESSIVE;
				GCC_WARN_UNUSED_FUNCTION = YES;
				GCC_WARN_UNUSED_VARIABLE = YES;
				MACOSX_DEPLOYMENT_TARGET = 10.15;
				MTL_ENABLE_DEBUG_INFO = NO;
				MTL_FAST_MATH = YES;
				SDKROOT = macosx;
				SWIFT_COMPILATION_MODE = wholemodule;
				SWIFT_OPTIMIZATION_LEVEL = "-O";
				VERSIONING_SYSTEM = "apple-generic";
				VERSION_INFO_PREFIX = "";
			};
			name = Release;
		};
		9373846C22CF9C4800E5D172 /* Debug */ = {
			isa = XCBuildConfiguration;
			buildSettings = {
				CLANG_ENABLE_MODULES = YES;
				CODE_SIGN_STYLE = Automatic;
				COMBINE_HIDPI_IMAGES = YES;
				DEFINES_MODULE = YES;
				DEVELOPMENT_TEAM = M6R4AEFXP8;
				DYLIB_COMPATIBILITY_VERSION = 1;
				DYLIB_CURRENT_VERSION = 1;
				DYLIB_INSTALL_NAME_BASE = "@rpath";
				INFOPLIST_FILE = SwiftMPV/Info.plist;
				INSTALL_PATH = "$(LOCAL_LIBRARY_DIR)/Frameworks";
				LD_RUNPATH_SEARCH_PATHS = (
					"$(inherited)",
					"@executable_path/../Frameworks",
					"@loader_path/Frameworks",
				);
				PRODUCT_BUNDLE_IDENTIFIER = com.jorgeparavicini.SwiftMPV;
				PRODUCT_NAME = "$(TARGET_NAME:c99extidentifier)";
				SKIP_INSTALL = YES;
				SWIFT_INCLUDE_PATHS = "${SRCROOT}/SwiftMPV/Dependencies/libmpv";
				SWIFT_OPTIMIZATION_LEVEL = "-Onone";
				SWIFT_VERSION = 5.0;
			};
			name = Debug;
		};
		9373846D22CF9C4800E5D172 /* Release */ = {
			isa = XCBuildConfiguration;
			buildSettings = {
				CLANG_ENABLE_MODULES = YES;
				CODE_SIGN_STYLE = Automatic;
				COMBINE_HIDPI_IMAGES = YES;
				DEFINES_MODULE = YES;
				DEVELOPMENT_TEAM = M6R4AEFXP8;
				DYLIB_COMPATIBILITY_VERSION = 1;
				DYLIB_CURRENT_VERSION = 1;
				DYLIB_INSTALL_NAME_BASE = "@rpath";
				INFOPLIST_FILE = SwiftMPV/Info.plist;
				INSTALL_PATH = "$(LOCAL_LIBRARY_DIR)/Frameworks";
				LD_RUNPATH_SEARCH_PATHS = (
					"$(inherited)",
					"@executable_path/../Frameworks",
					"@loader_path/Frameworks",
				);
				PRODUCT_BUNDLE_IDENTIFIER = com.jorgeparavicini.SwiftMPV;
				PRODUCT_NAME = "$(TARGET_NAME:c99extidentifier)";
				SKIP_INSTALL = YES;
				SWIFT_INCLUDE_PATHS = "${SRCROOT}/SwiftMPV/Dependencies/libmpv";
				SWIFT_VERSION = 5.0;
			};
			name = Release;
		};
		9373846F22CF9C4800E5D172 /* Debug */ = {
			isa = XCBuildConfiguration;
			buildSettings = {
				ALWAYS_EMBED_SWIFT_STANDARD_LIBRARIES = YES;
				CODE_SIGN_STYLE = Automatic;
				COMBINE_HIDPI_IMAGES = YES;
				DEVELOPMENT_TEAM = M6R4AEFXP8;
				INFOPLIST_FILE = SwiftMPVTests/Info.plist;
				LD_RUNPATH_SEARCH_PATHS = (
					"$(inherited)",
					"@executable_path/../Frameworks",
					"@loader_path/../Frameworks",
				);
				PRODUCT_BUNDLE_IDENTIFIER = com.jorgeparavicini.SwiftMPVTests;
				PRODUCT_NAME = "$(TARGET_NAME)";
				SWIFT_VERSION = 5.0;
			};
			name = Debug;
		};
		9373847022CF9C4800E5D172 /* Release */ = {
			isa = XCBuildConfiguration;
			buildSettings = {
				ALWAYS_EMBED_SWIFT_STANDARD_LIBRARIES = YES;
				CODE_SIGN_STYLE = Automatic;
				COMBINE_HIDPI_IMAGES = YES;
				DEVELOPMENT_TEAM = M6R4AEFXP8;
				INFOPLIST_FILE = SwiftMPVTests/Info.plist;
				LD_RUNPATH_SEARCH_PATHS = (
					"$(inherited)",
					"@executable_path/../Frameworks",
					"@loader_path/../Frameworks",
				);
				PRODUCT_BUNDLE_IDENTIFIER = com.jorgeparavicini.SwiftMPVTests;
				PRODUCT_NAME = "$(TARGET_NAME)";
				SWIFT_VERSION = 5.0;
			};
			name = Release;
		};
/* End XCBuildConfiguration section */

/* Begin XCConfigurationList section */
		9373845122CF9C4700E5D172 /* Build configuration list for PBXProject "SwiftMPV" */ = {
			isa = XCConfigurationList;
			buildConfigurations = (
				9373846922CF9C4800E5D172 /* Debug */,
				9373846A22CF9C4800E5D172 /* Release */,
			);
			defaultConfigurationIsVisible = 0;
			defaultConfigurationName = Release;
		};
		9373846B22CF9C4800E5D172 /* Build configuration list for PBXNativeTarget "SwiftMPV" */ = {
			isa = XCConfigurationList;
			buildConfigurations = (
				9373846C22CF9C4800E5D172 /* Debug */,
				9373846D22CF9C4800E5D172 /* Release */,
			);
			defaultConfigurationIsVisible = 0;
			defaultConfigurationName = Release;
		};
		9373846E22CF9C4800E5D172 /* Build configuration list for PBXNativeTarget "SwiftMPVTests" */ = {
			isa = XCConfigurationList;
			buildConfigurations = (
				9373846F22CF9C4800E5D172 /* Debug */,
				9373847022CF9C4800E5D172 /* Release */,
			);
			defaultConfigurationIsVisible = 0;
			defaultConfigurationName = Release;
		};
/* End XCConfigurationList section */
	};
	rootObject = 9373844E22CF9C4700E5D172 /* Project object */;
}
